
Microsoft Visual Studio Solution File, Format Version 12.00
# Visual Studio 2013
VisualStudioVersion = 12.0.30723.0
MinimumVisualStudioVersion = 10.0.40219.1
Project("{FAE04EC0-301F-11D3-BF4B-00C04F79EFBC}") = "Hackathon2.Web", "Hackathon2.Web\Hackathon2.Web.csproj", "{4298521C-EC9D-468E-9925-2984AFC7A33F}"
EndProject
Project("{FAE04EC0-301F-11D3-BF4B-00C04F79EFBC}") = "Hackathon2.Web.Tests", "Hackathon2.Web.Tests\Hackathon2.Web.Tests.csproj", "{52F58C04-B040-4953-8D77-FFE9CCB9CF45}"
EndProject
Project("{FAE04EC0-301F-11D3-BF4B-00C04F79EFBC}") = "Hackathon2.Entity", "Hackathon2.Entity\Hackathon2.Entity.csproj", "{89372D92-EB7D-4D94-A059-2D953CBFC40B}"
EndProject
Project("{FAE04EC0-301F-11D3-BF4B-00C04F79EFBC}") = "Hackathon2.Services.Models", "Hackathon2.Services.Models\Hackathon2.Services.Models.csproj", "{3A22857D-1132-4363-9B21-F03FB0BFE6C6}"
EndProject
Project("{FAE04EC0-301F-11D3-BF4B-00C04F79EFBC}") = "Hackathon2.TCS.ToolKit", "Hackathon2.TCS.ToolKit\Hackathon2.TCS.ToolKit.csproj", "{9E7261D9-6C6B-4EB5-BE67-433E3E701B27}"
EndProject
Project("{FAE04EC0-301F-11D3-BF4B-00C04F79EFBC}") = "Hackathon2.Models", "Hackathon2.Models\Hackathon2.Models.csproj", "{D22F50E4-7DB3-4B61-82E0-4298C9117DC0}"
EndProject
Project("{2150E333-8FDC-42A3-9474-1A3956D46DE8}") = "Windows App", "Windows App", "{20952F32-A3FB-4DEA-BE8F-1A979CE8389A}"
EndProject
Project("{2150E333-8FDC-42A3-9474-1A3956D46DE8}") = "PuppyTrackerApp", "PuppyTrackerApp", "{4B619457-1272-4151-9C53-2AC544CBAC5C}"
EndProject
Project("{D954291E-2A0B-460D-934E-DC6B0785DB48}") = "PuppyTrackerApp.Shared", "PuppyTrackerApp\PuppyTrackerApp.Shared\PuppyTrackerApp.Shared.shproj", "{67493A80-82AF-4E46-A4A1-900CFDF35FD0}"
EndProject
Project("{FAE04EC0-301F-11D3-BF4B-00C04F79EFBC}") = "PuppyTrackerApp.Windows", "PuppyTrackerApp\PuppyTrackerApp.Windows\PuppyTrackerApp.Windows.csproj", "{F3E4E7DC-37A8-47E0-ACD1-2873270B49CE}"
EndProject
Project("{FAE04EC0-301F-11D3-BF4B-00C04F79EFBC}") = "PuppyTrackerApp.WindowsPhone", "PuppyTrackerApp\PuppyTrackerApp.WindowsPhone\PuppyTrackerApp.WindowsPhone.csproj", "{BC23E0E9-BCEE-4DFE-9291-E631821A0B68}"
EndProject
Project("{FAE04EC0-301F-11D3-BF4B-00C04F79EFBC}") = "Hackathon2.Web.Services", "Hackathon2.Web.Services\Hackathon2.Web.Services.csproj", "{990599D8-FF18-423A-9C1D-AE35CB459196}"
EndProject
Global
	GlobalSection(SharedMSBuildProjectFiles) = preSolution
		PuppyTrackerApp\PuppyTrackerApp.Shared\PuppyTrackerApp.Shared.projitems*{bc23e0e9-bcee-4dfe-9291-e631821a0b68}*SharedItemsImports = 4
		PuppyTrackerApp\PuppyTrackerApp.Shared\PuppyTrackerApp.Shared.projitems*{f3e4e7dc-37a8-47e0-acd1-2873270b49ce}*SharedItemsImports = 4
		PuppyTrackerApp\PuppyTrackerApp.Shared\PuppyTrackerApp.Shared.projitems*{67493a80-82af-4e46-a4a1-900cfdf35fd0}*SharedItemsImports = 13
	EndGlobalSection
	GlobalSection(TeamFoundationVersionControl) = preSolution
		SccNumberOfProjects = 12
		SccEnterpriseProvider = {4CA58AB2-18FA-4F8D-95D4-32DDF27D184C}
		SccTeamFoundationServer = https://silversalmon.visualstudio.com/defaultcollection
		SccLocalPath0 = .
		SccProjectUniqueName1 = Hackathon2.Web.Tests\\Hackathon2.Web.Tests.csproj
		SccProjectName1 = Hackathon2.Web.Tests
		SccLocalPath1 = Hackathon2.Web.Tests
		SccProjectUniqueName2 = Hackathon2.Web\\Hackathon2.Web.csproj
		SccProjectName2 = Hackathon2.Web
		SccLocalPath2 = Hackathon2.Web
		SccProjectUniqueName3 = Hackathon2.Entity\\Hackathon2.Entity.csproj
		SccProjectName3 = Hackathon2.Entity
		SccLocalPath3 = Hackathon2.Entity
		SccProjectUniqueName4 = Hackathon2.Services.Models\\Hackathon2.Services.Models.csproj
		SccProjectName4 = Hackathon2.Services.Models
		SccLocalPath4 = Hackathon2.Services.Models
		SccProjectUniqueName5 = Hackathon2.Models\\Hackathon2.Models.csproj
		SccProjectName5 = Hackathon2.Models
		SccLocalPath5 = Hackathon2.Models
		SccProjectUniqueName6 = Hackathon2.TCS.ToolKit\\Hackathon2.TCS.ToolKit.csproj
		SccProjectName6 = Hackathon2.TCS.ToolKit
		SccLocalPath6 = Hackathon2.TCS.ToolKit
		SccProjectUniqueName7 = PuppyTrackerApp\\PuppyTrackerApp.Shared\\PuppyTrackerApp.Shared.projitems
		SccProjectTopLevelParentUniqueName7 = Hackathon2.Web.sln
		SccProjectName7 = PuppyTrackerApp/PuppyTrackerApp.Shared
		SccLocalPath7 = PuppyTrackerApp\\PuppyTrackerApp.Shared
		SccProjectUniqueName8 = PuppyTrackerApp\\PuppyTrackerApp.Shared\\PuppyTrackerApp.Shared.shproj
		SccProjectTopLevelParentUniqueName8 = Hackathon2.Web.sln
		SccProjectName8 = PuppyTrackerApp/PuppyTrackerApp.Shared
		SccLocalPath8 = PuppyTrackerApp\\PuppyTrackerApp.Shared
		SccProjectUniqueName9 = PuppyTrackerApp\\PuppyTrackerApp.Windows\\PuppyTrackerApp.Windows.csproj
		SccProjectTopLevelParentUniqueName9 = Hackathon2.Web.sln
		SccProjectName9 = PuppyTrackerApp/PuppyTrackerApp.Windows
		SccLocalPath9 = PuppyTrackerApp\\PuppyTrackerApp.Windows
		SccProjectUniqueName10 = PuppyTrackerApp\\PuppyTrackerApp.WindowsPhone\\PuppyTrackerApp.WindowsPhone.csproj
		SccProjectTopLevelParentUniqueName10 = Hackathon2.Web.sln
		SccProjectName10 = PuppyTrackerApp/PuppyTrackerApp.WindowsPhone
		SccLocalPath10 = PuppyTrackerApp\\PuppyTrackerApp.WindowsPhone
		SccProjectUniqueName11 = Hackathon2.Web.Services\\Hackathon2.Web.Services.csproj
		SccProjectName11 = Hackathon2.Web.Services
		SccLocalPath11 = Hackathon2.Web.Services
	EndGlobalSection
	GlobalSection(SolutionConfigurationPlatforms) = preSolution
		Debug|Any CPU = Debug|Any CPU
		Debug|ARM = Debug|ARM
		Debug|x64 = Debug|x64
		Debug|x86 = Debug|x86
		Release|Any CPU = Release|Any CPU
		Release|ARM = Release|ARM
		Release|x64 = Release|x64
		Release|x86 = Release|x86
	EndGlobalSection
	GlobalSection(ProjectConfigurationPlatforms) = postSolution
		{4298521C-EC9D-468E-9925-2984AFC7A33F}.Debug|Any CPU.ActiveCfg = Debug|Any CPU
		{4298521C-EC9D-468E-9925-2984AFC7A33F}.Debug|Any CPU.Build.0 = Debug|Any CPU
		{4298521C-EC9D-468E-9925-2984AFC7A33F}.Debug|ARM.ActiveCfg = Debug|Any CPU
		{4298521C-EC9D-468E-9925-2984AFC7A33F}.Debug|x64.ActiveCfg = Debug|Any CPU
		{4298521C-EC9D-468E-9925-2984AFC7A33F}.Debug|x86.ActiveCfg = Debug|Any CPU
		{4298521C-EC9D-468E-9925-2984AFC7A33F}.Release|Any CPU.ActiveCfg = Release|Any CPU
		{4298521C-EC9D-468E-9925-2984AFC7A33F}.Release|Any CPU.Build.0 = Release|Any CPU
		{4298521C-EC9D-468E-9925-2984AFC7A33F}.Release|ARM.ActiveCfg = Release|Any CPU
		{4298521C-EC9D-468E-9925-2984AFC7A33F}.Release|x64.ActiveCfg = Release|Any CPU
		{4298521C-EC9D-468E-9925-2984AFC7A33F}.Release|x86.ActiveCfg = Release|Any CPU
		{52F58C04-B040-4953-8D77-FFE9CCB9CF45}.Debug|Any CPU.ActiveCfg = Debug|Any CPU
		{52F58C04-B040-4953-8D77-FFE9CCB9CF45}.Debug|Any CPU.Build.0 = Debug|Any CPU
		{52F58C04-B040-4953-8D77-FFE9CCB9CF45}.Debug|ARM.ActiveCfg = Debug|Any CPU
		{52F58C04-B040-4953-8D77-FFE9CCB9CF45}.Debug|x64.ActiveCfg = Debug|Any CPU
		{52F58C04-B040-4953-8D77-FFE9CCB9CF45}.Debug|x86.ActiveCfg = Debug|Any CPU
		{52F58C04-B040-4953-8D77-FFE9CCB9CF45}.Release|Any CPU.ActiveCfg = Release|Any CPU
		{52F58C04-B040-4953-8D77-FFE9CCB9CF45}.Release|Any CPU.Build.0 = Release|Any CPU
		{52F58C04-B040-4953-8D77-FFE9CCB9CF45}.Release|ARM.ActiveCfg = Release|Any CPU
		{52F58C04-B040-4953-8D77-FFE9CCB9CF45}.Release|x64.ActiveCfg = Release|Any CPU
		{52F58C04-B040-4953-8D77-FFE9CCB9CF45}.Release|x86.ActiveCfg = Release|Any CPU
		{89372D92-EB7D-4D94-A059-2D953CBFC40B}.Debug|Any CPU.ActiveCfg = Debug|Any CPU
		{89372D92-EB7D-4D94-A059-2D953CBFC40B}.Debug|Any CPU.Build.0 = Debug|Any CPU
		{89372D92-EB7D-4D94-A059-2D953CBFC40B}.Debug|ARM.ActiveCfg = Debug|Any CPU
		{89372D92-EB7D-4D94-A059-2D953CBFC40B}.Debug|x64.ActiveCfg = Debug|Any CPU
		{89372D92-EB7D-4D94-A059-2D953CBFC40B}.Debug|x86.ActiveCfg = Debug|Any CPU
		{89372D92-EB7D-4D94-A059-2D953CBFC40B}.Release|Any CPU.ActiveCfg = Release|Any CPU
		{89372D92-EB7D-4D94-A059-2D953CBFC40B}.Release|Any CPU.Build.0 = Release|Any CPU
		{89372D92-EB7D-4D94-A059-2D953CBFC40B}.Release|ARM.ActiveCfg = Release|Any CPU
		{89372D92-EB7D-4D94-A059-2D953CBFC40B}.Release|x64.ActiveCfg = Release|Any CPU
		{89372D92-EB7D-4D94-A059-2D953CBFC40B}.Release|x86.ActiveCfg = Release|Any CPU
		{3A22857D-1132-4363-9B21-F03FB0BFE6C6}.Debug|Any CPU.ActiveCfg = Debug|Any CPU
		{3A22857D-1132-4363-9B21-F03FB0BFE6C6}.Debug|Any CPU.Build.0 = Debug|Any CPU
		{3A22857D-1132-4363-9B21-F03FB0BFE6C6}.Debug|ARM.ActiveCfg = Debug|Any CPU
		{3A22857D-1132-4363-9B21-F03FB0BFE6C6}.Debug|x64.ActiveCfg = Debug|Any CPU
		{3A22857D-1132-4363-9B21-F03FB0BFE6C6}.Debug|x86.ActiveCfg = Debug|Any CPU
		{3A22857D-1132-4363-9B21-F03FB0BFE6C6}.Release|Any CPU.ActiveCfg = Release|Any CPU
		{3A22857D-1132-4363-9B21-F03FB0BFE6C6}.Release|Any CPU.Build.0 = Release|Any CPU
		{3A22857D-1132-4363-9B21-F03FB0BFE6C6}.Release|ARM.ActiveCfg = Release|Any CPU
		{3A22857D-1132-4363-9B21-F03FB0BFE6C6}.Release|x64.ActiveCfg = Release|Any CPU
		{3A22857D-1132-4363-9B21-F03FB0BFE6C6}.Release|x86.ActiveCfg = Release|Any CPU
		{9E7261D9-6C6B-4EB5-BE67-433E3E701B27}.Debug|Any CPU.ActiveCfg = Debug|Any CPU
		{9E7261D9-6C6B-4EB5-BE67-433E3E701B27}.Debug|Any CPU.Build.0 = Debug|Any CPU
		{9E7261D9-6C6B-4EB5-BE67-433E3E701B27}.Debug|ARM.ActiveCfg = Debug|Any CPU
		{9E7261D9-6C6B-4EB5-BE67-433E3E701B27}.Debug|x64.ActiveCfg = Debug|Any CPU
		{9E7261D9-6C6B-4EB5-BE67-433E3E701B27}.Debug|x86.ActiveCfg = Debug|Any CPU
		{9E7261D9-6C6B-4EB5-BE67-433E3E701B27}.Release|Any CPU.ActiveCfg = Release|Any CPU
		{9E7261D9-6C6B-4EB5-BE67-433E3E701B27}.Release|Any CPU.Build.0 = Release|Any CPU
		{9E7261D9-6C6B-4EB5-BE67-433E3E701B27}.Release|ARM.ActiveCfg = Release|Any CPU
		{9E7261D9-6C6B-4EB5-BE67-433E3E701B27}.Release|x64.ActiveCfg = Release|Any CPU
		{9E7261D9-6C6B-4EB5-BE67-433E3E701B27}.Release|x86.ActiveCfg = Release|Any CPU
		{D22F50E4-7DB3-4B61-82E0-4298C9117DC0}.Debug|Any CPU.ActiveCfg = Debug|Any CPU
		{D22F50E4-7DB3-4B61-82E0-4298C9117DC0}.Debug|Any CPU.Build.0 = Debug|Any CPU
		{D22F50E4-7DB3-4B61-82E0-4298C9117DC0}.Debug|ARM.ActiveCfg = Debug|Any CPU
		{D22F50E4-7DB3-4B61-82E0-4298C9117DC0}.Debug|x64.ActiveCfg = Debug|Any CPU
		{D22F50E4-7DB3-4B61-82E0-4298C9117DC0}.Debug|x86.ActiveCfg = Debug|Any CPU
		{D22F50E4-7DB3-4B61-82E0-4298C9117DC0}.Release|Any CPU.ActiveCfg = Release|Any CPU
		{D22F50E4-7DB3-4B61-82E0-4298C9117DC0}.Release|Any CPU.Build.0 = Release|Any CPU
		{D22F50E4-7DB3-4B61-82E0-4298C9117DC0}.Release|ARM.ActiveCfg = Release|Any CPU
		{D22F50E4-7DB3-4B61-82E0-4298C9117DC0}.Release|x64.ActiveCfg = Release|Any CPU
		{D22F50E4-7DB3-4B61-82E0-4298C9117DC0}.Release|x86.ActiveCfg = Release|Any CPU
		{F3E4E7DC-37A8-47E0-ACD1-2873270B49CE}.Debug|Any CPU.ActiveCfg = Debug|Any CPU
		{F3E4E7DC-37A8-47E0-ACD1-2873270B49CE}.Debug|Any CPU.Build.0 = Debug|Any CPU
		{F3E4E7DC-37A8-47E0-ACD1-2873270B49CE}.Debug|Any CPU.Deploy.0 = Debug|Any CPU
		{F3E4E7DC-37A8-47E0-ACD1-2873270B49CE}.Debug|ARM.ActiveCfg = Debug|ARM
		{F3E4E7DC-37A8-47E0-ACD1-2873270B49CE}.Debug|ARM.Build.0 = Debug|ARM
		{F3E4E7DC-37A8-47E0-ACD1-2873270B49CE}.Debug|ARM.Deploy.0 = Debug|ARM
		{F3E4E7DC-37A8-47E0-ACD1-2873270B49CE}.Debug|x64.ActiveCfg = Debug|x64
		{F3E4E7DC-37A8-47E0-ACD1-2873270B49CE}.Debug|x64.Build.0 = Debug|x64
		{F3E4E7DC-37A8-47E0-ACD1-2873270B49CE}.Debug|x64.Deploy.0 = Debug|x64
		{F3E4E7DC-37A8-47E0-ACD1-2873270B49CE}.Debug|x86.ActiveCfg = Debug|x86
		{F3E4E7DC-37A8-47E0-ACD1-2873270B49CE}.Debug|x86.Build.0 = Debug|x86
		{F3E4E7DC-37A8-47E0-ACD1-2873270B49CE}.Debug|x86.Deploy.0 = Debug|x86
		{F3E4E7DC-37A8-47E0-ACD1-2873270B49CE}.Release|Any CPU.ActiveCfg = Release|Any CPU
		{F3E4E7DC-37A8-47E0-ACD1-2873270B49CE}.Release|Any CPU.Build.0 = Release|Any CPU
		{F3E4E7DC-37A8-47E0-ACD1-2873270B49CE}.Release|Any CPU.Deploy.0 = Release|Any CPU
		{F3E4E7DC-37A8-47E0-ACD1-2873270B49CE}.Release|ARM.ActiveCfg = Release|ARM
		{F3E4E7DC-37A8-47E0-ACD1-2873270B49CE}.Release|ARM.Build.0 = Release|ARM
		{F3E4E7DC-37A8-47E0-ACD1-2873270B49CE}.Release|ARM.Deploy.0 = Release|ARM
		{F3E4E7DC-37A8-47E0-ACD1-2873270B49CE}.Release|x64.ActiveCfg = Release|x64
		{F3E4E7DC-37A8-47E0-ACD1-2873270B49CE}.Release|x64.Build.0 = Release|x64
		{F3E4E7DC-37A8-47E0-ACD1-2873270B49CE}.Release|x64.Deploy.0 = Release|x64
		{F3E4E7DC-37A8-47E0-ACD1-2873270B49CE}.Release|x86.ActiveCfg = Release|x86
		{F3E4E7DC-37A8-47E0-ACD1-2873270B49CE}.Release|x86.Build.0 = Release|x86
		{F3E4E7DC-37A8-47E0-ACD1-2873270B49CE}.Release|x86.Deploy.0 = Release|x86
		{BC23E0E9-BCEE-4DFE-9291-E631821A0B68}.Debug|Any CPU.ActiveCfg = Debug|Any CPU
		{BC23E0E9-BCEE-4DFE-9291-E631821A0B68}.Debug|Any CPU.Build.0 = Debug|Any CPU
		{BC23E0E9-BCEE-4DFE-9291-E631821A0B68}.Debug|Any CPU.Deploy.0 = Debug|Any CPU
		{BC23E0E9-BCEE-4DFE-9291-E631821A0B68}.Debug|ARM.ActiveCfg = Debug|ARM
		{BC23E0E9-BCEE-4DFE-9291-E631821A0B68}.Debug|ARM.Build.0 = Debug|ARM
		{BC23E0E9-BCEE-4DFE-9291-E631821A0B68}.Debug|ARM.Deploy.0 = Debug|ARM
		{BC23E0E9-BCEE-4DFE-9291-E631821A0B68}.Debug|x64.ActiveCfg = Debug|Any CPU
		{BC23E0E9-BCEE-4DFE-9291-E631821A0B68}.Debug|x86.ActiveCfg = Debug|x86
		{BC23E0E9-BCEE-4DFE-9291-E631821A0B68}.Debug|x86.Build.0 = Debug|x86
		{BC23E0E9-BCEE-4DFE-9291-E631821A0B68}.Debug|x86.Deploy.0 = Debug|x86
		{BC23E0E9-BCEE-4DFE-9291-E631821A0B68}.Release|Any CPU.ActiveCfg = Release|Any CPU
		{BC23E0E9-BCEE-4DFE-9291-E631821A0B68}.Release|Any CPU.Build.0 = Release|Any CPU
		{BC23E0E9-BCEE-4DFE-9291-E631821A0B68}.Release|Any CPU.Deploy.0 = Release|Any CPU
		{BC23E0E9-BCEE-4DFE-9291-E631821A0B68}.Release|ARM.ActiveCfg = Release|ARM
		{BC23E0E9-BCEE-4DFE-9291-E631821A0B68}.Release|ARM.Build.0 = Release|ARM
		{BC23E0E9-BCEE-4DFE-9291-E631821A0B68}.Release|ARM.Deploy.0 = Release|ARM
		{BC23E0E9-BCEE-4DFE-9291-E631821A0B68}.Release|x64.ActiveCfg = Release|Any CPU
		{BC23E0E9-BCEE-4DFE-9291-E631821A0B68}.Release|x86.ActiveCfg = Release|x86
		{BC23E0E9-BCEE-4DFE-9291-E631821A0B68}.Release|x86.Build.0 = Release|x86
		{BC23E0E9-BCEE-4DFE-9291-E631821A0B68}.Release|x86.Deploy.0 = Release|x86
		{990599D8-FF18-423A-9C1D-AE35CB459196}.Debug|Any CPU.ActiveCfg = Debug|Any CPU
		{990599D8-FF18-423A-9C1D-AE35CB459196}.Debug|Any CPU.Build.0 = Debug|Any CPU
		{990599D8-FF18-423A-9C1D-AE35CB459196}.Debug|ARM.ActiveCfg = Debug|Any CPU
		{990599D8-FF18-423A-9C1D-AE35CB459196}.Debug|x64.ActiveCfg = Debug|Any CPU
		{990599D8-FF18-423A-9C1D-AE35CB459196}.Debug|x86.ActiveCfg = Debug|Any CPU
		{990599D8-FF18-423A-9C1D-AE35CB459196}.Release|Any CPU.ActiveCfg = Release|Any CPU
		{990599D8-FF18-423A-9C1D-AE35CB459196}.Release|Any CPU.Build.0 = Release|Any CPU
		{990599D8-FF18-423A-9C1D-AE35CB459196}.Release|ARM.ActiveCfg = Release|Any CPU
		{990599D8-FF18-423A-9C1D-AE35CB459196}.Release|x64.ActiveCfg = Release|Any CPU
		{990599D8-FF18-423A-9C1D-AE35CB459196}.Release|x86.ActiveCfg = Release|Any CPU
	EndGlobalSection
	GlobalSection(SolutionProperties) = preSolution
		HideSolutionNode = FALSE
	EndGlobalSection
	GlobalSection(NestedProjects) = preSolution
		{4B619457-1272-4151-9C53-2AC544CBAC5C} = {20952F32-A3FB-4DEA-BE8F-1A979CE8389A}
		{67493A80-82AF-4E46-A4A1-900CFDF35FD0} = {4B619457-1272-4151-9C53-2AC544CBAC5C}
		{F3E4E7DC-37A8-47E0-ACD1-2873270B49CE} = {4B619457-1272-4151-9C53-2AC544CBAC5C}
		{BC23E0E9-BCEE-4DFE-9291-E631821A0B68} = {4B619457-1272-4151-9C53-2AC544CBAC5C}
	EndGlobalSection
EndGlobal
